
Microsoft Visual Studio Solution File, Format Version 12.00
# Visual Studio Version 17
VisualStudioVersion = 17.12.35527.113
MinimumVisualStudioVersion = 10.0.40219.1
Project("{FAE04EC0-301F-11D3-BF4B-00C04F79EFBC}") = "Pokedex.Api", "Pokedex.Api\Pokedex.Api.csproj", "{CA29696D-1503-4971-9831-CB1A7C871081}"
EndProject
Project("{FAE04EC0-301F-11D3-BF4B-00C04F79EFBC}") = "Pokedex.Core", "Pokedex.Core\Pokedex.Core.csproj", "{0380A8A6-B3E3-44E5-B16D-5D0201027BB9}"
EndProject
Project("{FAE04EC0-301F-11D3-BF4B-00C04F79EFBC}") = "Pokedex.Infrastructure", "Pokedex.Infrastructure\Pokedex.Infrastructure.csproj", "{1804870D-BEC5-4D79-A87F-609ECB13A185}"
EndProject
Project("{FAE04EC0-301F-11D3-BF4B-00C04F79EFBC}") = "Pokedex.UnitTest", "Pokedex.UnitTest\Pokedex.UnitTest.csproj", "{ADB06C19-0C8D-4DA2-BB9A-E4B85526541B}"
EndProject
Global
	GlobalSection(SolutionConfigurationPlatforms) = preSolution
		Debug|Any CPU = Debug|Any CPU
		Release|Any CPU = Release|Any CPU
	EndGlobalSection
	GlobalSection(ProjectConfigurationPlatforms) = postSolution
		{CA29696D-1503-4971-9831-CB1A7C871081}.Debug|Any CPU.ActiveCfg = Debug|Any CPU
		{CA29696D-1503-4971-9831-CB1A7C871081}.Debug|Any CPU.Build.0 = Debug|Any CPU
		{CA29696D-1503-4971-9831-CB1A7C871081}.Release|Any CPU.ActiveCfg = Release|Any CPU
		{CA29696D-1503-4971-9831-CB1A7C871081}.Release|Any CPU.Build.0 = Release|Any CPU
		{0380A8A6-B3E3-44E5-B16D-5D0201027BB9}.Debug|Any CPU.ActiveCfg = Debug|Any CPU
		{0380A8A6-B3E3-44E5-B16D-5D0201027BB9}.Debug|Any CPU.Build.0 = Debug|Any CPU
		{0380A8A6-B3E3-44E5-B16D-5D0201027BB9}.Release|Any CPU.ActiveCfg = Release|Any CPU
		{0380A8A6-B3E3-44E5-B16D-5D0201027BB9}.Release|Any CPU.Build.0 = Release|Any CPU
		{1804870D-BEC5-4D79-A87F-609ECB13A185}.Debug|Any CPU.ActiveCfg = Debug|Any CPU
		{1804870D-BEC5-4D79-A87F-609ECB13A185}.Debug|Any CPU.Build.0 = Debug|Any CPU
		{1804870D-BEC5-4D79-A87F-609ECB13A185}.Release|Any CPU.ActiveCfg = Release|Any CPU
		{1804870D-BEC5-4D79-A87F-609ECB13A185}.Release|Any CPU.Build.0 = Release|Any CPU
		{ADB06C19-0C8D-4DA2-BB9A-E4B85526541B}.Debug|Any CPU.ActiveCfg = Debug|Any CPU
		{ADB06C19-0C8D-4DA2-BB9A-E4B85526541B}.Debug|Any CPU.Build.0 = Debug|Any CPU
		{ADB06C19-0C8D-4DA2-BB9A-E4B85526541B}.Release|Any CPU.ActiveCfg = Release|Any CPU
		{ADB06C19-0C8D-4DA2-BB9A-E4B85526541B}.Release|Any CPU.Build.0 = Release|Any CPU
	EndGlobalSection
	GlobalSection(SolutionProperties) = preSolution
		HideSolutionNode = FALSE
	EndGlobalSection
EndGlobal
